// !$*UTF8*$!
{
	archiveVersion = 1;
	classes = {
	};
	objectVersion = 51;
	objects = {

/* Begin PBXBuildFile section */
		5AFED867266AA03A005C2585 /* AppDelegate.swift in Sources */ = {isa = PBXBuildFile; fileRef = 5AFED866266AA03A005C2585 /* AppDelegate.swift */; };
		5AFED869266AA03A005C2585 /* SceneDelegate.swift in Sources */ = {isa = PBXBuildFile; fileRef = 5AFED868266AA03A005C2585 /* SceneDelegate.swift */; };
		5AFED86E266AA03A005C2585 /* Main.storyboard in Resources */ = {isa = PBXBuildFile; fileRef = 5AFED86C266AA03A005C2585 /* Main.storyboard */; };
		5AFED870266AA03E005C2585 /* Assets.xcassets in Resources */ = {isa = PBXBuildFile; fileRef = 5AFED86F266AA03E005C2585 /* Assets.xcassets */; };
		5AFED873266AA03E005C2585 /* LaunchScreen.storyboard in Resources */ = {isa = PBXBuildFile; fileRef = 5AFED871266AA03E005C2585 /* LaunchScreen.storyboard */; };
		5AFED87B266AAEE4005C2585 /* Banner.swift in Sources */ = {isa = PBXBuildFile; fileRef = 5AFED87A266AAEE4005C2585 /* Banner.swift */; };
		5AFED87D266AAEF2005C2585 /* MRect.swift in Sources */ = {isa = PBXBuildFile; fileRef = 5AFED87C266AAEF2005C2585 /* MRect.swift */; };
		5AFED87F266AAF07005C2585 /* Interstitial.swift in Sources */ = {isa = PBXBuildFile; fileRef = 5AFED87E266AAF07005C2585 /* Interstitial.swift */; };
		5AFED882266ABDE1005C2585 /* GAMHeaderBidding.storyboard in Resources */ = {isa = PBXBuildFile; fileRef = 5AFED881266ABDE1005C2585 /* GAMHeaderBidding.storyboard */; };
		FFFEB1076A9123EC6E62FDDD /* Pods_GAM_Header_Bidding_Demo.framework in Frameworks */ = {isa = PBXBuildFile; fileRef = 4675955F5236AE4EED458425 /* Pods_GAM_Header_Bidding_Demo.framework */; };
/* End PBXBuildFile section */

/* Begin PBXFileReference section */
		4675955F5236AE4EED458425 /* Pods_GAM_Header_Bidding_Demo.framework */ = {isa = PBXFileReference; explicitFileType = wrapper.framework; includeInIndex = 0; path = Pods_GAM_Header_Bidding_Demo.framework; sourceTree = BUILT_PRODUCTS_DIR; };
		5AFED863266AA03A005C2585 /* GAM Header Bidding Demo.app */ = {isa = PBXFileReference; explicitFileType = wrapper.application; includeInIndex = 0; path = "GAM Header Bidding Demo.app"; sourceTree = BUILT_PRODUCTS_DIR; };
		5AFED866266AA03A005C2585 /* AppDelegate.swift */ = {isa = PBXFileReference; lastKnownFileType = sourcecode.swift; path = AppDelegate.swift; sourceTree = "<group>"; };
		5AFED868266AA03A005C2585 /* SceneDelegate.swift */ = {isa = PBXFileReference; lastKnownFileType = sourcecode.swift; path = SceneDelegate.swift; sourceTree = "<group>"; };
		5AFED86D266AA03A005C2585 /* Base */ = {isa = PBXFileReference; lastKnownFileType = file.storyboard; name = Base; path = Base.lproj/Main.storyboard; sourceTree = "<group>"; };
		5AFED86F266AA03E005C2585 /* Assets.xcassets */ = {isa = PBXFileReference; lastKnownFileType = folder.assetcatalog; path = Assets.xcassets; sourceTree = "<group>"; };
		5AFED872266AA03E005C2585 /* Base */ = {isa = PBXFileReference; lastKnownFileType = file.storyboard; name = Base; path = Base.lproj/LaunchScreen.storyboard; sourceTree = "<group>"; };
		5AFED874266AA03E005C2585 /* Info.plist */ = {isa = PBXFileReference; lastKnownFileType = text.plist.xml; path = Info.plist; sourceTree = "<group>"; };
		5AFED87A266AAEE4005C2585 /* Banner.swift */ = {isa = PBXFileReference; lastKnownFileType = sourcecode.swift; path = Banner.swift; sourceTree = "<group>"; };
		5AFED87C266AAEF2005C2585 /* MRect.swift */ = {isa = PBXFileReference; lastKnownFileType = sourcecode.swift; path = MRect.swift; sourceTree = "<group>"; };
		5AFED87E266AAF07005C2585 /* Interstitial.swift */ = {isa = PBXFileReference; lastKnownFileType = sourcecode.swift; path = Interstitial.swift; sourceTree = "<group>"; };
		5AFED881266ABDE1005C2585 /* GAMHeaderBidding.storyboard */ = {isa = PBXFileReference; lastKnownFileType = file.storyboard; path = GAMHeaderBidding.storyboard; sourceTree = "<group>"; };
		712C2FC2655583BD1128DFA2 /* Pods-GAM Header Bidding Demo.release.xcconfig */ = {isa = PBXFileReference; includeInIndex = 1; lastKnownFileType = text.xcconfig; name = "Pods-GAM Header Bidding Demo.release.xcconfig"; path = "Target Support Files/Pods-GAM Header Bidding Demo/Pods-GAM Header Bidding Demo.release.xcconfig"; sourceTree = "<group>"; };
		8ABEA3CDD00D46E181FBE836 /* Pods-GAM Header Bidding Demo.debug.xcconfig */ = {isa = PBXFileReference; includeInIndex = 1; lastKnownFileType = text.xcconfig; name = "Pods-GAM Header Bidding Demo.debug.xcconfig"; path = "Target Support Files/Pods-GAM Header Bidding Demo/Pods-GAM Header Bidding Demo.debug.xcconfig"; sourceTree = "<group>"; };
/* End PBXFileReference section */

/* Begin PBXFrameworksBuildPhase section */
		5AFED860266AA03A005C2585 /* Frameworks */ = {
			isa = PBXFrameworksBuildPhase;
			buildActionMask = 2147483647;
			files = (
				FFFEB1076A9123EC6E62FDDD /* Pods_GAM_Header_Bidding_Demo.framework in Frameworks */,
			);
			runOnlyForDeploymentPostprocessing = 0;
		};
/* End PBXFrameworksBuildPhase section */

/* Begin PBXGroup section */
		5AFED85A266AA03A005C2585 = {
			isa = PBXGroup;
			children = (
				5AFED865266AA03A005C2585 /* GAM Header Bidding Demo */,
				5AFED864266AA03A005C2585 /* Products */,
				812BA129E96D5B6BA113A5A2 /* Pods */,
				903DA9AC89290D3B98D903C6 /* Frameworks */,
			);
			sourceTree = "<group>";
		};
		5AFED864266AA03A005C2585 /* Products */ = {
			isa = PBXGroup;
			children = (
				5AFED863266AA03A005C2585 /* GAM Header Bidding Demo.app */,
			);
			name = Products;
			sourceTree = "<group>";
		};
		5AFED865266AA03A005C2585 /* GAM Header Bidding Demo */ = {
			isa = PBXGroup;
			children = (
				5AFED866266AA03A005C2585 /* AppDelegate.swift */,
				5AFED868266AA03A005C2585 /* SceneDelegate.swift */,
				5AFED880266ABDAA005C2585 /* Examples */,
				5AFED883266ABDE7005C2585 /* Storyboards */,
				5AFED86F266AA03E005C2585 /* Assets.xcassets */,
				5AFED871266AA03E005C2585 /* LaunchScreen.storyboard */,
				5AFED874266AA03E005C2585 /* Info.plist */,
			);
			path = "GAM Header Bidding Demo";
			sourceTree = "<group>";
		};
		5AFED880266ABDAA005C2585 /* Examples */ = {
			isa = PBXGroup;
			children = (
				5AFED87A266AAEE4005C2585 /* Banner.swift */,
				5AFED87C266AAEF2005C2585 /* MRect.swift */,
				5AFED87E266AAF07005C2585 /* Interstitial.swift */,
			);
			path = Examples;
			sourceTree = "<group>";
		};
		5AFED883266ABDE7005C2585 /* Storyboards */ = {
			isa = PBXGroup;
			children = (
				5AFED86C266AA03A005C2585 /* Main.storyboard */,
				5AFED881266ABDE1005C2585 /* GAMHeaderBidding.storyboard */,
			);
			path = Storyboards;
			sourceTree = "<group>";
		};
		812BA129E96D5B6BA113A5A2 /* Pods */ = {
			isa = PBXGroup;
			children = (
				8ABEA3CDD00D46E181FBE836 /* Pods-GAM Header Bidding Demo.debug.xcconfig */,
				712C2FC2655583BD1128DFA2 /* Pods-GAM Header Bidding Demo.release.xcconfig */,
			);
			path = Pods;
			sourceTree = "<group>";
		};
		903DA9AC89290D3B98D903C6 /* Frameworks */ = {
			isa = PBXGroup;
			children = (
				4675955F5236AE4EED458425 /* Pods_GAM_Header_Bidding_Demo.framework */,
			);
			name = Frameworks;
			sourceTree = "<group>";
		};
/* End PBXGroup section */

/* Begin PBXNativeTarget section */
		5AFED862266AA03A005C2585 /* GAM Header Bidding Demo */ = {
			isa = PBXNativeTarget;
			buildConfigurationList = 5AFED877266AA03E005C2585 /* Build configuration list for PBXNativeTarget "GAM Header Bidding Demo" */;
			buildPhases = (
				91E2E909E7D312E7E969370F /* [CP] Check Pods Manifest.lock */,
				5AFED85F266AA03A005C2585 /* Sources */,
				5AFED860266AA03A005C2585 /* Frameworks */,
				5AFED861266AA03A005C2585 /* Resources */,
				8A023630102348CA253C3353 /* [CP] Embed Pods Frameworks */,
				8D1790449B6CDB6750A8BF17 /* [CP] Copy Pods Resources */,
			);
			buildRules = (
			);
			dependencies = (
			);
			name = "GAM Header Bidding Demo";
			productName = "GAM Header Bidding Demo";
			productReference = 5AFED863266AA03A005C2585 /* GAM Header Bidding Demo.app */;
			productType = "com.apple.product-type.application";
		};
/* End PBXNativeTarget section */

/* Begin PBXProject section */
		5AFED85B266AA03A005C2585 /* Project object */ = {
			isa = PBXProject;
			attributes = {
				LastSwiftUpdateCheck = 1250;
				LastUpgradeCheck = 1250;
				TargetAttributes = {
					5AFED862266AA03A005C2585 = {
						CreatedOnToolsVersion = 12.5;
					};
				};
			};
			buildConfigurationList = 5AFED85E266AA03A005C2585 /* Build configuration list for PBXProject "GAM Header Bidding Demo" */;
			compatibilityVersion = "Xcode 9.3";
			developmentRegion = en;
			hasScannedForEncodings = 0;
			knownRegions = (
				en,
				Base,
			);
			mainGroup = 5AFED85A266AA03A005C2585;
			productRefGroup = 5AFED864266AA03A005C2585 /* Products */;
			projectDirPath = "";
			projectRoot = "";
			targets = (
				5AFED862266AA03A005C2585 /* GAM Header Bidding Demo */,
			);
		};
/* End PBXProject section */

/* Begin PBXResourcesBuildPhase section */
		5AFED861266AA03A005C2585 /* Resources */ = {
			isa = PBXResourcesBuildPhase;
			buildActionMask = 2147483647;
			files = (
				5AFED873266AA03E005C2585 /* LaunchScreen.storyboard in Resources */,
				5AFED882266ABDE1005C2585 /* GAMHeaderBidding.storyboard in Resources */,
				5AFED870266AA03E005C2585 /* Assets.xcassets in Resources */,
				5AFED86E266AA03A005C2585 /* Main.storyboard in Resources */,
			);
			runOnlyForDeploymentPostprocessing = 0;
		};
/* End PBXResourcesBuildPhase section */

/* Begin PBXShellScriptBuildPhase section */
		8A023630102348CA253C3353 /* [CP] Embed Pods Frameworks */ = {
			isa = PBXShellScriptBuildPhase;
			buildActionMask = 2147483647;
			files = (
			);
			inputFileListPaths = (
				"${PODS_ROOT}/Target Support Files/Pods-GAM Header Bidding Demo/Pods-GAM Header Bidding Demo-frameworks-${CONFIGURATION}-input-files.xcfilelist",
			);
			name = "[CP] Embed Pods Frameworks";
			outputFileListPaths = (
				"${PODS_ROOT}/Target Support Files/Pods-GAM Header Bidding Demo/Pods-GAM Header Bidding Demo-frameworks-${CONFIGURATION}-output-files.xcfilelist",
			);
			runOnlyForDeploymentPostprocessing = 0;
			shellPath = /bin/sh;
			shellScript = "\"${PODS_ROOT}/Target Support Files/Pods-GAM Header Bidding Demo/Pods-GAM Header Bidding Demo-frameworks.sh\"\n";
			showEnvVarsInLog = 0;
		};
		8D1790449B6CDB6750A8BF17 /* [CP] Copy Pods Resources */ = {
			isa = PBXShellScriptBuildPhase;
			buildActionMask = 2147483647;
			files = (
			);
			inputFileListPaths = (
				"${PODS_ROOT}/Target Support Files/Pods-GAM Header Bidding Demo/Pods-GAM Header Bidding Demo-resources-${CONFIGURATION}-input-files.xcfilelist",
			);
			name = "[CP] Copy Pods Resources";
			outputFileListPaths = (
				"${PODS_ROOT}/Target Support Files/Pods-GAM Header Bidding Demo/Pods-GAM Header Bidding Demo-resources-${CONFIGURATION}-output-files.xcfilelist",
			);
			runOnlyForDeploymentPostprocessing = 0;
			shellPath = /bin/sh;
			shellScript = "\"${PODS_ROOT}/Target Support Files/Pods-GAM Header Bidding Demo/Pods-GAM Header Bidding Demo-resources.sh\"\n";
			showEnvVarsInLog = 0;
		};
		91E2E909E7D312E7E969370F /* [CP] Check Pods Manifest.lock */ = {
			isa = PBXShellScriptBuildPhase;
			buildActionMask = 2147483647;
			files = (
			);
			inputFileListPaths = (
			);
			inputPaths = (
				"${PODS_PODFILE_DIR_PATH}/Podfile.lock",
				"${PODS_ROOT}/Manifest.lock",
			);
			name = "[CP] Check Pods Manifest.lock";
			outputFileListPaths = (
			);
			outputPaths = (
				"$(DERIVED_FILE_DIR)/Pods-GAM Header Bidding Demo-checkManifestLockResult.txt",
			);
			runOnlyForDeploymentPostprocessing = 0;
			shellPath = /bin/sh;
			shellScript = "diff \"${PODS_PODFILE_DIR_PATH}/Podfile.lock\" \"${PODS_ROOT}/Manifest.lock\" > /dev/null\nif [ $? != 0 ] ; then\n    # print error to STDERR\n    echo \"error: The sandbox is not in sync with the Podfile.lock. Run 'pod install' or update your CocoaPods installation.\" >&2\n    exit 1\nfi\n# This output is used by Xcode 'outputs' to avoid re-running this script phase.\necho \"SUCCESS\" > \"${SCRIPT_OUTPUT_FILE_0}\"\n";
			showEnvVarsInLog = 0;
		};
/* End PBXShellScriptBuildPhase section */

/* Begin PBXSourcesBuildPhase section */
		5AFED85F266AA03A005C2585 /* Sources */ = {
			isa = PBXSourcesBuildPhase;
			buildActionMask = 2147483647;
			files = (
				5AFED867266AA03A005C2585 /* AppDelegate.swift in Sources */,
				5AFED87F266AAF07005C2585 /* Interstitial.swift in Sources */,
				5AFED87D266AAEF2005C2585 /* MRect.swift in Sources */,
				5AFED869266AA03A005C2585 /* SceneDelegate.swift in Sources */,
				5AFED87B266AAEE4005C2585 /* Banner.swift in Sources */,
			);
			runOnlyForDeploymentPostprocessing = 0;
		};
/* End PBXSourcesBuildPhase section */

/* Begin PBXVariantGroup section */
		5AFED86C266AA03A005C2585 /* Main.storyboard */ = {
			isa = PBXVariantGroup;
			children = (
				5AFED86D266AA03A005C2585 /* Base */,
			);
			name = Main.storyboard;
			sourceTree = "<group>";
		};
		5AFED871266AA03E005C2585 /* LaunchScreen.storyboard */ = {
			isa = PBXVariantGroup;
			children = (
				5AFED872266AA03E005C2585 /* Base */,
			);
			name = LaunchScreen.storyboard;
			sourceTree = "<group>";
		};
/* End PBXVariantGroup section */

/* Begin XCBuildConfiguration section */
		5AFED875266AA03E005C2585 /* Debug */ = {
			isa = XCBuildConfiguration;
			buildSettings = {
				ALWAYS_SEARCH_USER_PATHS = NO;
				CLANG_ANALYZER_NONNULL = YES;
				CLANG_ANALYZER_NUMBER_OBJECT_CONVERSION = YES_AGGRESSIVE;
				CLANG_CXX_LANGUAGE_STANDARD = "gnu++14";
				CLANG_CXX_LIBRARY = "libc++";
				CLANG_ENABLE_MODULES = YES;
				CLANG_ENABLE_OBJC_ARC = YES;
				CLANG_ENABLE_OBJC_WEAK = YES;
				CLANG_WARN_BLOCK_CAPTURE_AUTORELEASING = YES;
				CLANG_WARN_BOOL_CONVERSION = YES;
				CLANG_WARN_COMMA = YES;
				CLANG_WARN_CONSTANT_CONVERSION = YES;
				CLANG_WARN_DEPRECATED_OBJC_IMPLEMENTATIONS = YES;
				CLANG_WARN_DIRECT_OBJC_ISA_USAGE = YES_ERROR;
				CLANG_WARN_DOCUMENTATION_COMMENTS = YES;
				CLANG_WARN_EMPTY_BODY = YES;
				CLANG_WARN_ENUM_CONVERSION = YES;
				CLANG_WARN_INFINITE_RECURSION = YES;
				CLANG_WARN_INT_CONVERSION = YES;
				CLANG_WARN_NON_LITERAL_NULL_CONVERSION = YES;
				CLANG_WARN_OBJC_IMPLICIT_RETAIN_SELF = YES;
				CLANG_WARN_OBJC_LITERAL_CONVERSION = YES;
				CLANG_WARN_OBJC_ROOT_CLASS = YES_ERROR;
				CLANG_WARN_QUOTED_INCLUDE_IN_FRAMEWORK_HEADER = YES;
				CLANG_WARN_RANGE_LOOP_ANALYSIS = YES;
				CLANG_WARN_STRICT_PROTOTYPES = YES;
				CLANG_WARN_SUSPICIOUS_MOVE = YES;
				CLANG_WARN_UNGUARDED_AVAILABILITY = YES_AGGRESSIVE;
				CLANG_WARN_UNREACHABLE_CODE = YES;
				CLANG_WARN__DUPLICATE_METHOD_MATCH = YES;
				COPY_PHASE_STRIP = NO;
				DEBUG_INFORMATION_FORMAT = dwarf;
				ENABLE_STRICT_OBJC_MSGSEND = YES;
				ENABLE_TESTABILITY = YES;
				GCC_C_LANGUAGE_STANDARD = gnu11;
				GCC_DYNAMIC_NO_PIC = NO;
				GCC_NO_COMMON_BLOCKS = YES;
				GCC_OPTIMIZATION_LEVEL = 0;
				GCC_PREPROCESSOR_DEFINITIONS = (
					"DEBUG=1",
					"$(inherited)",
				);
				GCC_WARN_64_TO_32_BIT_CONVERSION = YES;
				GCC_WARN_ABOUT_RETURN_TYPE = YES_ERROR;
				GCC_WARN_UNDECLARED_SELECTOR = YES;
				GCC_WARN_UNINITIALIZED_AUTOS = YES_AGGRESSIVE;
				GCC_WARN_UNUSED_FUNCTION = YES;
				GCC_WARN_UNUSED_VARIABLE = YES;
				IPHONEOS_DEPLOYMENT_TARGET = 14.5;
				MTL_ENABLE_DEBUG_INFO = INCLUDE_SOURCE;
				MTL_FAST_MATH = YES;
				ONLY_ACTIVE_ARCH = YES;
				SDKROOT = iphoneos;
				SWIFT_ACTIVE_COMPILATION_CONDITIONS = DEBUG;
				SWIFT_OPTIMIZATION_LEVEL = "-Onone";
			};
			name = Debug;
		};
		5AFED876266AA03E005C2585 /* Release */ = {
			isa = XCBuildConfiguration;
			buildSettings = {
				ALWAYS_SEARCH_USER_PATHS = NO;
				CLANG_ANALYZER_NONNULL = YES;
				CLANG_ANALYZER_NUMBER_OBJECT_CONVERSION = YES_AGGRESSIVE;
				CLANG_CXX_LANGUAGE_STANDARD = "gnu++14";
				CLANG_CXX_LIBRARY = "libc++";
				CLANG_ENABLE_MODULES = YES;
				CLANG_ENABLE_OBJC_ARC = YES;
				CLANG_ENABLE_OBJC_WEAK = YES;
				CLANG_WARN_BLOCK_CAPTURE_AUTORELEASING = YES;
				CLANG_WARN_BOOL_CONVERSION = YES;
				CLANG_WARN_COMMA = YES;
				CLANG_WARN_CONSTANT_CONVERSION = YES;
				CLANG_WARN_DEPRECATED_OBJC_IMPLEMENTATIONS = YES;
				CLANG_WARN_DIRECT_OBJC_ISA_USAGE = YES_ERROR;
				CLANG_WARN_DOCUMENTATION_COMMENTS = YES;
				CLANG_WARN_EMPTY_BODY = YES;
				CLANG_WARN_ENUM_CONVERSION = YES;
				CLANG_WARN_INFINITE_RECURSION = YES;
				CLANG_WARN_INT_CONVERSION = YES;
				CLANG_WARN_NON_LITERAL_NULL_CONVERSION = YES;
				CLANG_WARN_OBJC_IMPLICIT_RETAIN_SELF = YES;
				CLANG_WARN_OBJC_LITERAL_CONVERSION = YES;
				CLANG_WARN_OBJC_ROOT_CLASS = YES_ERROR;
				CLANG_WARN_QUOTED_INCLUDE_IN_FRAMEWORK_HEADER = YES;
				CLANG_WARN_RANGE_LOOP_ANALYSIS = YES;
				CLANG_WARN_STRICT_PROTOTYPES = YES;
				CLANG_WARN_SUSPICIOUS_MOVE = YES;
				CLANG_WARN_UNGUARDED_AVAILABILITY = YES_AGGRESSIVE;
				CLANG_WARN_UNREACHABLE_CODE = YES;
				CLANG_WARN__DUPLICATE_METHOD_MATCH = YES;
				COPY_PHASE_STRIP = NO;
				DEBUG_INFORMATION_FORMAT = "dwarf-with-dsym";
				ENABLE_NS_ASSERTIONS = NO;
				ENABLE_STRICT_OBJC_MSGSEND = YES;
				GCC_C_LANGUAGE_STANDARD = gnu11;
				GCC_NO_COMMON_BLOCKS = YES;
				GCC_WARN_64_TO_32_BIT_CONVERSION = YES;
				GCC_WARN_ABOUT_RETURN_TYPE = YES_ERROR;
				GCC_WARN_UNDECLARED_SELECTOR = YES;
				GCC_WARN_UNINITIALIZED_AUTOS = YES_AGGRESSIVE;
				GCC_WARN_UNUSED_FUNCTION = YES;
				GCC_WARN_UNUSED_VARIABLE = YES;
				IPHONEOS_DEPLOYMENT_TARGET = 14.5;
				MTL_ENABLE_DEBUG_INFO = NO;
				MTL_FAST_MATH = YES;
				SDKROOT = iphoneos;
				SWIFT_COMPILATION_MODE = wholemodule;
				SWIFT_OPTIMIZATION_LEVEL = "-O";
				VALIDATE_PRODUCT = YES;
			};
			name = Release;
		};
		5AFED878266AA03E005C2585 /* Debug */ = {
			isa = XCBuildConfiguration;
			baseConfigurationReference = 8ABEA3CDD00D46E181FBE836 /* Pods-GAM Header Bidding Demo.debug.xcconfig */;
			buildSettings = {
				ASSETCATALOG_COMPILER_APPICON_NAME = AppIcon;
				ASSETCATALOG_COMPILER_GLOBAL_ACCENT_COLOR_NAME = AccentColor;
				CODE_SIGN_STYLE = Automatic;
				DEVELOPMENT_TEAM = TL55SBB4FM;
				INFOPLIST_FILE = "GAM Header Bidding Demo/Info.plist";
				LD_RUNPATH_SEARCH_PATHS = (
					"$(inherited)",
					"@executable_path/Frameworks",
				);
				PRODUCT_BUNDLE_IDENTIFIER = "net.pubnative.GAM-Header-Bidding-Demo";
				PRODUCT_NAME = "$(TARGET_NAME)";
				SWIFT_VERSION = 5.0;
				TARGETED_DEVICE_FAMILY = "1,2";
			};
			name = Debug;
		};
		5AFED879266AA03E005C2585 /* Release */ = {
			isa = XCBuildConfiguration;
			baseConfigurationReference = 712C2FC2655583BD1128DFA2 /* Pods-GAM Header Bidding Demo.release.xcconfig */;
			buildSettings = {
				ASSETCATALOG_COMPILER_APPICON_NAME = AppIcon;
				ASSETCATALOG_COMPILER_GLOBAL_ACCENT_COLOR_NAME = AccentColor;
				CODE_SIGN_STYLE = Automatic;
				DEVELOPMENT_TEAM = TL55SBB4FM;
				INFOPLIST_FILE = "GAM Header Bidding Demo/Info.plist";
				LD_RUNPATH_SEARCH_PATHS = (
					"$(inherited)",
					"@executable_path/Frameworks",
				);
				PRODUCT_BUNDLE_IDENTIFIER = "net.pubnative.GAM-Header-Bidding-Demo";
				PRODUCT_NAME = "$(TARGET_NAME)";
				SWIFT_VERSION = 5.0;
				TARGETED_DEVICE_FAMILY = "1,2";
			};
			name = Release;
		};
/* End XCBuildConfiguration section */

/* Begin XCConfigurationList section */
		5AFED85E266AA03A005C2585 /* Build configuration list for PBXProject "GAM Header Bidding Demo" */ = {
			isa = XCConfigurationList;
			buildConfigurations = (
				5AFED875266AA03E005C2585 /* Debug */,
				5AFED876266AA03E005C2585 /* Release */,
			);
			defaultConfigurationIsVisible = 0;
			defaultConfigurationName = Release;
		};
		5AFED877266AA03E005C2585 /* Build configuration list for PBXNativeTarget "GAM Header Bidding Demo" */ = {
			isa = XCConfigurationList;
			buildConfigurations = (
				5AFED878266AA03E005C2585 /* Debug */,
				5AFED879266AA03E005C2585 /* Release */,
			);
			defaultConfigurationIsVisible = 0;
			defaultConfigurationName = Release;
		};
/* End XCConfigurationList section */
	};
	rootObject = 5AFED85B266AA03A005C2585 /* Project object */;
}
