PODS:
  - ATOM-Standalone (3.7.0)
  - Google-Mobile-Ads-SDK (12.8.0):
    - GoogleUserMessagingPlatform (>= 1.1)
  - GoogleMobileAds-HyBid-Adapters (3.6.1.0):
    - Google-Mobile-Ads-SDK (~> 12.0)
    - HyBid (= 3.6.1)
  - GoogleUserMessagingPlatform (3.0.0)
  - HyBid (3.6.1):
    - HyBid/ATOM (= 3.6.1)
    - HyBid/Banner (= 3.6.1)
    - HyBid/Core (= 3.6.1)
    - HyBid/FullScreen (= 3.6.1)
    - HyBid/Native (= 3.6.1)
    - HyBid/RewardedVideo (= 3.6.1)
  - HyBid/ATOM (3.6.1):
    - ATOM-Standalone
    - HyBid/Core
  - HyBid/Banner (3.6.1):
    - HyBid/Core
  - HyBid/Core (3.6.1)
  - HyBid/FullScreen (3.6.1):
    - HyBid/Core
  - HyBid/Native (3.6.1):
    - HyBid/Core
  - HyBid/RewardedVideo (3.6.1):
    - HyBid/Core

DEPENDENCIES:
  - GoogleMobileAds-HyBid-Adapters (= 3.6.1.0)

SPEC REPOS:
  trunk:
    - ATOM-Standalone
    - Google-Mobile-Ads-SDK
    - GoogleMobileAds-HyBid-Adapters
    - GoogleUserMessagingPlatform
    - HyBid

SPEC CHECKSUMS:
  ATOM-Standalone: 28d598876cd7ab619f2cf0b910d4f4fd7e8c8f74
  Google-Mobile-Ads-SDK: ece122bc89b38cab319543bc464a9ceabfe1d307
  GoogleMobileAds-HyBid-Adapters: 685d946e378b4af86d5b6c14c1482635c5f9572a
  GoogleUserMessagingPlatform: f8d0cdad3ca835406755d0a69aa634f00e76d576
  HyBid: f6ed92d6af10dcbc23f8a43a42fdf88a45ecdec7

PODFILE CHECKSUM: 57e79360f22b259aace380b3631a5ad71055ba65

COCOAPODS: 1.16.2
