PODS:
  - ATOM-Standalone (3.0.7)
  - Google-Mobile-Ads-SDK (10.14.0):
    - GoogleAppMeasurement (< 11.0, >= 7.0)
    - GoogleUserMessagingPlatform (>= 1.1)
  - GoogleAppMeasurement (10.24.0):
    - GoogleAppMeasurement/AdIdSupport (= 10.24.0)
    - GoogleUtilities/AppDelegateSwizzler (~> 7.11)
    - GoogleUtilities/MethodSwizzler (~> 7.11)
    - GoogleUtilities/Network (~> 7.11)
    - "GoogleUtilities/NSData+zlib (~> 7.11)"
    - nanopb (< 2.30911.0, >= 2.30908.0)
  - GoogleAppMeasurement/AdIdSupport (10.24.0):
    - GoogleAppMeasurement/WithoutAdIdSupport (= 10.24.0)
    - GoogleUtilities/AppDelegateSwizzler (~> 7.11)
    - GoogleUtilities/MethodSwizzler (~> 7.11)
    - GoogleUtilities/Network (~> 7.11)
    - "GoogleUtilities/NSData+zlib (~> 7.11)"
    - nanopb (< 2.30911.0, >= 2.30908.0)
  - GoogleAppMeasurement/WithoutAdIdSupport (10.24.0):
    - GoogleUtilities/AppDelegateSwizzler (~> 7.11)
    - GoogleUtilities/MethodSwizzler (~> 7.11)
    - GoogleUtilities/Network (~> 7.11)
    - "GoogleUtilities/NSData+zlib (~> 7.11)"
    - nanopb (< 2.30911.0, >= 2.30908.0)
  - GoogleMobileAds-HyBid-Adapters (3.0.0.0):
    - Google-Mobile-Ads-SDK (~> 10.0)
    - HyBid (= 3.0.0.0)
  - GoogleUserMessagingPlatform (2.3.0)
  - GoogleUtilities/AppDelegateSwizzler (7.13.0):
    - GoogleUtilities/Environment
    - GoogleUtilities/Logger
    - GoogleUtilities/Network
    - GoogleUtilities/Privacy
  - GoogleUtilities/Environment (7.13.0):
    - GoogleUtilities/Privacy
    - PromisesObjC (< 3.0, >= 1.2)
  - GoogleUtilities/Logger (7.13.0):
    - GoogleUtilities/Environment
    - GoogleUtilities/Privacy
  - GoogleUtilities/MethodSwizzler (7.13.0):
    - GoogleUtilities/Logger
    - GoogleUtilities/Privacy
  - GoogleUtilities/Network (7.13.0):
    - GoogleUtilities/Logger
    - "GoogleUtilities/NSData+zlib"
    - GoogleUtilities/Privacy
    - GoogleUtilities/Reachability
  - "GoogleUtilities/NSData+zlib (7.13.0)":
    - GoogleUtilities/Privacy
  - GoogleUtilities/Privacy (7.13.0)
  - GoogleUtilities/Reachability (7.13.0):
    - GoogleUtilities/Logger
    - GoogleUtilities/Privacy
  - HyBid (3.0.0):
    - ATOM-Standalone (~> 3.0.7)
    - HyBid/Banner (= 3.0.0)
    - HyBid/Core (= 3.0.0)
    - HyBid/FullScreen (= 3.0.0)
    - HyBid/Native (= 3.0.0)
    - HyBid/RewardedVideo (= 3.0.0)
  - HyBid/Banner (3.0.0):
    - ATOM-Standalone (~> 3.0.7)
    - HyBid/Core
  - HyBid/Core (3.0.0):
    - ATOM-Standalone (~> 3.0.7)
  - HyBid/FullScreen (3.0.0):
    - ATOM-Standalone (~> 3.0.7)
    - HyBid/Core
  - HyBid/Native (3.0.0):
    - ATOM-Standalone (~> 3.0.7)
    - HyBid/Core
  - HyBid/RewardedVideo (3.0.0):
    - ATOM-Standalone (~> 3.0.7)
    - HyBid/Core
  - nanopb (2.30910.0):
    - nanopb/decode (= 2.30910.0)
    - nanopb/encode (= 2.30910.0)
  - nanopb/decode (2.30910.0)
  - nanopb/encode (2.30910.0)
  - PromisesObjC (2.4.0)

DEPENDENCIES:
  - GoogleMobileAds-HyBid-Adapters (= 3.0.0.0)

SPEC REPOS:
  trunk:
    - ATOM-Standalone
    - Google-Mobile-Ads-SDK
    - GoogleAppMeasurement
    - GoogleMobileAds-HyBid-Adapters
    - GoogleUserMessagingPlatform
    - GoogleUtilities
    - HyBid
    - nanopb
    - PromisesObjC

SPEC CHECKSUMS:
  ATOM-Standalone: 26549f5cffb457a7660b3cb2d5a5f1faf24da913
  Google-Mobile-Ads-SDK: 8f67a72f88d057335b1ac3f501e2b68ad054116e
  GoogleAppMeasurement: f3abf08495ef2cba7829f15318c373b8d9226491
  GoogleMobileAds-HyBid-Adapters: afc0b56ee9457b30f8622ed4d28cba2f1212cb5a
  GoogleUserMessagingPlatform: b1ad7bb1ee3ce64749d4fec24f667b36e45c396c
  GoogleUtilities: d053d902a8edaa9904e1bd00c37535385b8ed152
  HyBid: e98ce54597d146a8fec024d3e7c83cb5d4f11be6
  nanopb: 438bc412db1928dac798aa6fd75726007be04262
  PromisesObjC: f5707f49cb48b9636751c5b2e7d227e43fba9f47

PODFILE CHECKSUM: c2298199faf05a66368063860a1344d6009f33ba

COCOAPODS: 1.15.2
