PODS:
  - ATOM-Standalone (3.5.0)
  - Google-Mobile-Ads-SDK (11.13.0):
    - GoogleUserMessagingPlatform (>= 1.1)
  - GoogleMobileAds-HyBid-Adapters (3.2.0.0):
    - Google-Mobile-Ads-SDK (~> 11.0)
    - HyBid (= 3.2.0)
  - GoogleUserMessagingPlatform (2.7.0)
  - HyBid (3.2.0):
    - HyBid/ATOM (= 3.2.0)
    - HyBid/Banner (= 3.2.0)
    - HyBid/Core (= 3.2.0)
    - HyBid/FullScreen (= 3.2.0)
    - HyBid/Native (= 3.2.0)
    - HyBid/RewardedVideo (= 3.2.0)
  - HyBid/ATOM (3.2.0):
    - ATOM-Standalone (~> 3.5.0)
    - HyBid/Core
  - HyBid/Banner (3.2.0):
    - HyBid/Core
  - HyBid/Core (3.2.0)
  - HyBid/FullScreen (3.2.0):
    - HyBid/Core
  - HyBid/Native (3.2.0):
    - HyBid/Core
  - HyBid/RewardedVideo (3.2.0):
    - HyBid/Core

DEPENDENCIES:
  - GoogleMobileAds-HyBid-Adapters (= 3.2.0.0)

SPEC REPOS:
  trunk:
    - ATOM-Standalone
    - Google-Mobile-Ads-SDK
    - GoogleMobileAds-HyBid-Adapters
    - GoogleUserMessagingPlatform
    - HyBid

SPEC CHECKSUMS:
  ATOM-Standalone: c6f8d00c510cdeec33aa95cdf1f31d78b62d0aa7
  Google-Mobile-Ads-SDK: 14f57f2dc33532a24db288897e26494640810407
  GoogleMobileAds-HyBid-Adapters: d9309a30ae18655fe382e66e069560127ba7d31b
  GoogleUserMessagingPlatform: a8b56893477f67212fbc8411c139e61d463349f5
  HyBid: 575a647ce48fb4ed40dab1a1ce203b1ae0cdb294

PODFILE CHECKSUM: 09c9d2c6c653622e970d83eeb31a101ceb817516

COCOAPODS: 1.16.1
